// !$*UTF8*$!
{
	archiveVersion = 1;
	classes = {
	};
	objectVersion = 46;
	objects = {

/* Begin PBXBuildFile section */
		5D2AE9952F0E7EBF36CE435A /* libPods-CustomerServiceClient.a in Frameworks */ = {isa = PBXBuildFile; fileRef = E0666847457F112CB93A3D7A /* libPods-CustomerServiceClient.a */; };
		CFD86A061AB4953300B7DBF5 /* main.m in Sources */ = {isa = PBXBuildFile; fileRef = CFD86A051AB4953300B7DBF5 /* main.m */; };
		CFD86A091AB4953300B7DBF5 /* AppDelegate.m in Sources */ = {isa = PBXBuildFile; fileRef = CFD86A081AB4953300B7DBF5 /* AppDelegate.m */; };
		CFD86A0C1AB4953300B7DBF5 /* CustomerServiceClient.xcdatamodeld in Sources */ = {isa = PBXBuildFile; fileRef = CFD86A0A1AB4953300B7DBF5 /* CustomerServiceClient.xcdatamodeld */; };
		CFD86A0F1AB4953300B7DBF5 /* ViewController.m in Sources */ = {isa = PBXBuildFile; fileRef = CFD86A0E1AB4953300B7DBF5 /* ViewController.m */; };
		CFD86A121AB4953300B7DBF5 /* Main.storyboard in Resources */ = {isa = PBXBuildFile; fileRef = CFD86A101AB4953300B7DBF5 /* Main.storyboard */; };
		CFD86A141AB4953300B7DBF5 /* Images.xcassets in Resources */ = {isa = PBXBuildFile; fileRef = CFD86A131AB4953300B7DBF5 /* Images.xcassets */; };
		CFD86A171AB4953300B7DBF5 /* LaunchScreen.xib in Resources */ = {isa = PBXBuildFile; fileRef = CFD86A151AB4953300B7DBF5 /* LaunchScreen.xib */; };
		CFD86A231AB4953300B7DBF5 /* CustomerServiceClientTests.m in Sources */ = {isa = PBXBuildFile; fileRef = CFD86A221AB4953300B7DBF5 /* CustomerServiceClientTests.m */; };
/* End PBXBuildFile section */

/* Begin PBXContainerItemProxy section */
		CFD86A1D1AB4953300B7DBF5 /* PBXContainerItemProxy */ = {
			isa = PBXContainerItemProxy;
			containerPortal = CFD869F81AB4953300B7DBF5 /* Project object */;
			proxyType = 1;
			remoteGlobalIDString = CFD869FF1AB4953300B7DBF5;
			remoteInfo = CustomerServiceClient;
		};
/* End PBXContainerItemProxy section */

/* Begin PBXFileReference section */
		C2E2C5E511BF5A3DBCB79F9C /* Pods-CustomerServiceClient.release.xcconfig */ = {isa = PBXFileReference; includeInIndex = 1; lastKnownFileType = text.xcconfig; name = "Pods-CustomerServiceClient.release.xcconfig"; path = "Pods/Target Support Files/Pods-CustomerServiceClient/Pods-CustomerServiceClient.release.xcconfig"; sourceTree = "<group>"; };
		CFD86A001AB4953300B7DBF5 /* CustomerServiceClient.app */ = {isa = PBXFileReference; explicitFileType = wrapper.application; includeInIndex = 0; path = CustomerServiceClient.app; sourceTree = BUILT_PRODUCTS_DIR; };
		CFD86A041AB4953300B7DBF5 /* Info.plist */ = {isa = PBXFileReference; lastKnownFileType = text.plist.xml; path = Info.plist; sourceTree = "<group>"; };
		CFD86A051AB4953300B7DBF5 /* main.m */ = {isa = PBXFileReference; lastKnownFileType = sourcecode.c.objc; path = main.m; sourceTree = "<group>"; };
		CFD86A071AB4953300B7DBF5 /* AppDelegate.h */ = {isa = PBXFileReference; lastKnownFileType = sourcecode.c.h; path = AppDelegate.h; sourceTree = "<group>"; };
		CFD86A081AB4953300B7DBF5 /* AppDelegate.m */ = {isa = PBXFileReference; lastKnownFileType = sourcecode.c.objc; path = AppDelegate.m; sourceTree = "<group>"; };
		CFD86A0B1AB4953300B7DBF5 /* CustomerServiceClient.xcdatamodel */ = {isa = PBXFileReference; lastKnownFileType = wrapper.xcdatamodel; path = CustomerServiceClient.xcdatamodel; sourceTree = "<group>"; };
		CFD86A0D1AB4953300B7DBF5 /* ViewController.h */ = {isa = PBXFileReference; lastKnownFileType = sourcecode.c.h; path = ViewController.h; sourceTree = "<group>"; };
		CFD86A0E1AB4953300B7DBF5 /* ViewController.m */ = {isa = PBXFileReference; lastKnownFileType = sourcecode.c.objc; path = ViewController.m; sourceTree = "<group>"; };
		CFD86A111AB4953300B7DBF5 /* Base */ = {isa = PBXFileReference; lastKnownFileType = file.storyboard; name = Base; path = Base.lproj/Main.storyboard; sourceTree = "<group>"; };
		CFD86A131AB4953300B7DBF5 /* Images.xcassets */ = {isa = PBXFileReference; lastKnownFileType = folder.assetcatalog; path = Images.xcassets; sourceTree = "<group>"; };
		CFD86A161AB4953300B7DBF5 /* Base */ = {isa = PBXFileReference; lastKnownFileType = file.xib; name = Base; path = Base.lproj/LaunchScreen.xib; sourceTree = "<group>"; };
		CFD86A1C1AB4953300B7DBF5 /* CustomerServiceClientTests.xctest */ = {isa = PBXFileReference; explicitFileType = wrapper.cfbundle; includeInIndex = 0; path = CustomerServiceClientTests.xctest; sourceTree = BUILT_PRODUCTS_DIR; };
		CFD86A211AB4953300B7DBF5 /* Info.plist */ = {isa = PBXFileReference; lastKnownFileType = text.plist.xml; path = Info.plist; sourceTree = "<group>"; };
		CFD86A221AB4953300B7DBF5 /* CustomerServiceClientTests.m */ = {isa = PBXFileReference; lastKnownFileType = sourcecode.c.objc; path = CustomerServiceClientTests.m; sourceTree = "<group>"; };
		E0666847457F112CB93A3D7A /* libPods-CustomerServiceClient.a */ = {isa = PBXFileReference; explicitFileType = archive.ar; includeInIndex = 0; path = "libPods-CustomerServiceClient.a"; sourceTree = BUILT_PRODUCTS_DIR; };
		EB66F01F8A3E7BC08FA9B772 /* Pods-CustomerServiceClient.debug.xcconfig */ = {isa = PBXFileReference; includeInIndex = 1; lastKnownFileType = text.xcconfig; name = "Pods-CustomerServiceClient.debug.xcconfig"; path = "Pods/Target Support Files/Pods-CustomerServiceClient/Pods-CustomerServiceClient.debug.xcconfig"; sourceTree = "<group>"; };
/* End PBXFileReference section */

/* Begin PBXFrameworksBuildPhase section */
		CFD869FD1AB4953300B7DBF5 /* Frameworks */ = {
			isa = PBXFrameworksBuildPhase;
			buildActionMask = 2147483647;
			files = (
				5D2AE9952F0E7EBF36CE435A /* libPods-CustomerServiceClient.a in Frameworks */,
			);
			runOnlyForDeploymentPostprocessing = 0;
		};
		CFD86A191AB4953300B7DBF5 /* Frameworks */ = {
			isa = PBXFrameworksBuildPhase;
			buildActionMask = 2147483647;
			files = (
			);
			runOnlyForDeploymentPostprocessing = 0;
		};
/* End PBXFrameworksBuildPhase section */

/* Begin PBXGroup section */
		533BD2CDAC594942B3856AA4 /* Frameworks */ = {
			isa = PBXGroup;
			children = (
				E0666847457F112CB93A3D7A /* libPods-CustomerServiceClient.a */,
			);
			name = Frameworks;
			sourceTree = "<group>";
		};
		CFD869F71AB4953300B7DBF5 = {
			isa = PBXGroup;
			children = (
				CFD86A021AB4953300B7DBF5 /* CustomerServiceClient */,
				CFD86A1F1AB4953300B7DBF5 /* CustomerServiceClientTests */,
				CFD86A011AB4953300B7DBF5 /* Products */,
				DD9E41041C621C40D1057BB8 /* Pods */,
				533BD2CDAC594942B3856AA4 /* Frameworks */,
			);
			sourceTree = "<group>";
		};
		CFD86A011AB4953300B7DBF5 /* Products */ = {
			isa = PBXGroup;
			children = (
				CFD86A001AB4953300B7DBF5 /* CustomerServiceClient.app */,
				CFD86A1C1AB4953300B7DBF5 /* CustomerServiceClientTests.xctest */,
			);
			name = Products;
			sourceTree = "<group>";
		};
		CFD86A021AB4953300B7DBF5 /* CustomerServiceClient */ = {
			isa = PBXGroup;
			children = (
				CFD86A071AB4953300B7DBF5 /* AppDelegate.h */,
				CFD86A081AB4953300B7DBF5 /* AppDelegate.m */,
				CFD86A0D1AB4953300B7DBF5 /* ViewController.h */,
				CFD86A0E1AB4953300B7DBF5 /* ViewController.m */,
				CFD86A101AB4953300B7DBF5 /* Main.storyboard */,
				CFD86A131AB4953300B7DBF5 /* Images.xcassets */,
				CFD86A151AB4953300B7DBF5 /* LaunchScreen.xib */,
				CFD86A0A1AB4953300B7DBF5 /* CustomerServiceClient.xcdatamodeld */,
				CFD86A031AB4953300B7DBF5 /* Supporting Files */,
			);
			path = CustomerServiceClient;
			sourceTree = "<group>";
		};
		CFD86A031AB4953300B7DBF5 /* Supporting Files */ = {
			isa = PBXGroup;
			children = (
				CFD86A041AB4953300B7DBF5 /* Info.plist */,
				CFD86A051AB4953300B7DBF5 /* main.m */,
			);
			name = "Supporting Files";
			sourceTree = "<group>";
		};
		CFD86A1F1AB4953300B7DBF5 /* CustomerServiceClientTests */ = {
			isa = PBXGroup;
			children = (
				CFD86A221AB4953300B7DBF5 /* CustomerServiceClientTests.m */,
				CFD86A201AB4953300B7DBF5 /* Supporting Files */,
			);
			path = CustomerServiceClientTests;
			sourceTree = "<group>";
		};
		CFD86A201AB4953300B7DBF5 /* Supporting Files */ = {
			isa = PBXGroup;
			children = (
				CFD86A211AB4953300B7DBF5 /* Info.plist */,
			);
			name = "Supporting Files";
			sourceTree = "<group>";
		};
		DD9E41041C621C40D1057BB8 /* Pods */ = {
			isa = PBXGroup;
			children = (
				EB66F01F8A3E7BC08FA9B772 /* Pods-CustomerServiceClient.debug.xcconfig */,
				C2E2C5E511BF5A3DBCB79F9C /* Pods-CustomerServiceClient.release.xcconfig */,
			);
			name = Pods;
			sourceTree = "<group>";
		};
/* End PBXGroup section */

/* Begin PBXNativeTarget section */
		CFD869FF1AB4953300B7DBF5 /* CustomerServiceClient */ = {
			isa = PBXNativeTarget;
			buildConfigurationList = CFD86A261AB4953300B7DBF5 /* Build configuration list for PBXNativeTarget "CustomerServiceClient" */;
			buildPhases = (
				A5B3EB209AAD13EDA4CD5F3C /* Check Pods Manifest.lock */,
				CFD869FC1AB4953300B7DBF5 /* Sources */,
				CFD869FD1AB4953300B7DBF5 /* Frameworks */,
				CFD869FE1AB4953300B7DBF5 /* Resources */,
				9AEFA1286F2B71F2324A76E8 /* Copy Pods Resources */,
			);
			buildRules = (
			);
			dependencies = (
			);
			name = CustomerServiceClient;
			productName = CustomerServiceClient;
			productReference = CFD86A001AB4953300B7DBF5 /* CustomerServiceClient.app */;
			productType = "com.apple.product-type.application";
		};
		CFD86A1B1AB4953300B7DBF5 /* CustomerServiceClientTests */ = {
			isa = PBXNativeTarget;
			buildConfigurationList = CFD86A291AB4953300B7DBF5 /* Build configuration list for PBXNativeTarget "CustomerServiceClientTests" */;
			buildPhases = (
				CFD86A181AB4953300B7DBF5 /* Sources */,
				CFD86A191AB4953300B7DBF5 /* Frameworks */,
				CFD86A1A1AB4953300B7DBF5 /* Resources */,
			);
			buildRules = (
			);
			dependencies = (
				CFD86A1E1AB4953300B7DBF5 /* PBXTargetDependency */,
			);
			name = CustomerServiceClientTests;
			productName = CustomerServiceClientTests;
			productReference = CFD86A1C1AB4953300B7DBF5 /* CustomerServiceClientTests.xctest */;
			productType = "com.apple.product-type.bundle.unit-test";
		};
/* End PBXNativeTarget section */

/* Begin PBXProject section */
		CFD869F81AB4953300B7DBF5 /* Project object */ = {
			isa = PBXProject;
			attributes = {
				LastUpgradeCheck = 0620;
				ORGANIZATIONNAME = SnowWolf;
				TargetAttributes = {
					CFD869FF1AB4953300B7DBF5 = {
						CreatedOnToolsVersion = 6.2;
					};
					CFD86A1B1AB4953300B7DBF5 = {
						CreatedOnToolsVersion = 6.2;
						TestTargetID = CFD869FF1AB4953300B7DBF5;
					};
				};
			};
			buildConfigurationList = CFD869FB1AB4953300B7DBF5 /* Build configuration list for PBXProject "CustomerServiceClient" */;
			compatibilityVersion = "Xcode 3.2";
			developmentRegion = English;
			hasScannedForEncodings = 0;
			knownRegions = (
				en,
				Base,
			);
			mainGroup = CFD869F71AB4953300B7DBF5;
			productRefGroup = CFD86A011AB4953300B7DBF5 /* Products */;
			projectDirPath = "";
			projectRoot = "";
			targets = (
				CFD869FF1AB4953300B7DBF5 /* CustomerServiceClient */,
				CFD86A1B1AB4953300B7DBF5 /* CustomerServiceClientTests */,
			);
		};
/* End PBXProject section */

/* Begin PBXResourcesBuildPhase section */
		CFD869FE1AB4953300B7DBF5 /* Resources */ = {
			isa = PBXResourcesBuildPhase;
			buildActionMask = 2147483647;
			files = (
				CFD86A121AB4953300B7DBF5 /* Main.storyboard in Resources */,
				CFD86A171AB4953300B7DBF5 /* LaunchScreen.xib in Resources */,
				CFD86A141AB4953300B7DBF5 /* Images.xcassets in Resources */,
			);
			runOnlyForDeploymentPostprocessing = 0;
		};
		CFD86A1A1AB4953300B7DBF5 /* Resources */ = {
			isa = PBXResourcesBuildPhase;
			buildActionMask = 2147483647;
			files = (
			);
			runOnlyForDeploymentPostprocessing = 0;
		};
/* End PBXResourcesBuildPhase section */

/* Begin PBXShellScriptBuildPhase section */
		9AEFA1286F2B71F2324A76E8 /* Copy Pods Resources */ = {
			isa = PBXShellScriptBuildPhase;
			buildActionMask = 2147483647;
			files = (
			);
			inputPaths = (
			);
			name = "Copy Pods Resources";
			outputPaths = (
			);
			runOnlyForDeploymentPostprocessing = 0;
			shellPath = /bin/sh;
			shellScript = "\"${SRCROOT}/Pods/Target Support Files/Pods-CustomerServiceClient/Pods-CustomerServiceClient-resources.sh\"\n";
			showEnvVarsInLog = 0;
		};
		A5B3EB209AAD13EDA4CD5F3C /* Check Pods Manifest.lock */ = {
			isa = PBXShellScriptBuildPhase;
			buildActionMask = 2147483647;
			files = (
			);
			inputPaths = (
			);
			name = "Check Pods Manifest.lock";
			outputPaths = (
			);
			runOnlyForDeploymentPostprocessing = 0;
			shellPath = /bin/sh;
			shellScript = "diff \"${PODS_ROOT}/../Podfile.lock\" \"${PODS_ROOT}/Manifest.lock\" > /dev/null\nif [[ $? != 0 ]] ; then\n    cat << EOM\nerror: The sandbox is not in sync with the Podfile.lock. Run 'pod install' or update your CocoaPods installation.\nEOM\n    exit 1\nfi\n";
			showEnvVarsInLog = 0;
		};
/* End PBXShellScriptBuildPhase section */

/* Begin PBXSourcesBuildPhase section */
		CFD869FC1AB4953300B7DBF5 /* Sources */ = {
			isa = PBXSourcesBuildPhase;
			buildActionMask = 2147483647;
			files = (
				CFD86A091AB4953300B7DBF5 /* AppDelegate.m in Sources */,
				CFD86A0C1AB4953300B7DBF5 /* CustomerServiceClient.xcdatamodeld in Sources */,
				CFD86A0F1AB4953300B7DBF5 /* ViewController.m in Sources */,
				CFD86A061AB4953300B7DBF5 /* main.m in Sources */,
			);
			runOnlyForDeploymentPostprocessing = 0;
		};
		CFD86A181AB4953300B7DBF5 /* Sources */ = {
			isa = PBXSourcesBuildPhase;
			buildActionMask = 2147483647;
			files = (
				CFD86A231AB4953300B7DBF5 /* CustomerServiceClientTests.m in Sources */,
			);
			runOnlyForDeploymentPostprocessing = 0;
		};
/* End PBXSourcesBuildPhase section */

/* Begin PBXTargetDependency section */
		CFD86A1E1AB4953300B7DBF5 /* PBXTargetDependency */ = {
			isa = PBXTargetDependency;
			target = CFD869FF1AB4953300B7DBF5 /* CustomerServiceClient */;
			targetProxy = CFD86A1D1AB4953300B7DBF5 /* PBXContainerItemProxy */;
		};
/* End PBXTargetDependency section */

/* Begin PBXVariantGroup section */
		CFD86A101AB4953300B7DBF5 /* Main.storyboard */ = {
			isa = PBXVariantGroup;
			children = (
				CFD86A111AB4953300B7DBF5 /* Base */,
			);
			name = Main.storyboard;
			sourceTree = "<group>";
		};
		CFD86A151AB4953300B7DBF5 /* LaunchScreen.xib */ = {
			isa = PBXVariantGroup;
			children = (
				CFD86A161AB4953300B7DBF5 /* Base */,
			);
			name = LaunchScreen.xib;
			sourceTree = "<group>";
		};
/* End PBXVariantGroup section */

/* Begin XCBuildConfiguration section */
		CFD86A241AB4953300B7DBF5 /* Debug */ = {
			isa = XCBuildConfiguration;
			buildSettings = {
				ALWAYS_SEARCH_USER_PATHS = NO;
				CLANG_CXX_LANGUAGE_STANDARD = "gnu++0x";
				CLANG_CXX_LIBRARY = "libc++";
				CLANG_ENABLE_MODULES = YES;
				CLANG_ENABLE_OBJC_ARC = YES;
				CLANG_WARN_BOOL_CONVERSION = YES;
				CLANG_WARN_CONSTANT_CONVERSION = YES;
				CLANG_WARN_DIRECT_OBJC_ISA_USAGE = YES_ERROR;
				CLANG_WARN_EMPTY_BODY = YES;
				CLANG_WARN_ENUM_CONVERSION = YES;
				CLANG_WARN_INT_CONVERSION = YES;
				CLANG_WARN_OBJC_ROOT_CLASS = YES_ERROR;
				CLANG_WARN_UNREACHABLE_CODE = YES;
				CLANG_WARN__DUPLICATE_METHOD_MATCH = YES;
				"CODE_SIGN_IDENTITY[sdk=iphoneos*]" = "iPhone Developer";
				COPY_PHASE_STRIP = NO;
				ENABLE_STRICT_OBJC_MSGSEND = YES;
				GCC_C_LANGUAGE_STANDARD = gnu99;
				GCC_DYNAMIC_NO_PIC = NO;
				GCC_OPTIMIZATION_LEVEL = 0;
				GCC_PREPROCESSOR_DEFINITIONS = (
					"DEBUG=1",
					"$(inherited)",
				);
				GCC_SYMBOLS_PRIVATE_EXTERN = NO;
				GCC_WARN_64_TO_32_BIT_CONVERSION = YES;
				GCC_WARN_ABOUT_RETURN_TYPE = YES_ERROR;
				GCC_WARN_UNDECLARED_SELECTOR = YES;
				GCC_WARN_UNINITIALIZED_AUTOS = YES_AGGRESSIVE;
				GCC_WARN_UNUSED_FUNCTION = YES;
				GCC_WARN_UNUSED_VARIABLE = YES;
				IPHONEOS_DEPLOYMENT_TARGET = 8.2;
				MTL_ENABLE_DEBUG_INFO = YES;
				ONLY_ACTIVE_ARCH = YES;
				SDKROOT = iphoneos;
			};
			name = Debug;
		};
		CFD86A251AB4953300B7DBF5 /* Release */ = {
			isa = XCBuildConfiguration;
			buildSettings = {
				ALWAYS_SEARCH_USER_PATHS = NO;
				CLANG_CXX_LANGUAGE_STANDARD = "gnu++0x";
				CLANG_CXX_LIBRARY = "libc++";
				CLANG_ENABLE_MODULES = YES;
				CLANG_ENABLE_OBJC_ARC = YES;
				CLANG_WARN_BOOL_CONVERSION = YES;
				CLANG_WARN_CONSTANT_CONVERSION = YES;
				CLANG_WARN_DIRECT_OBJC_ISA_USAGE = YES_ERROR;
				CLANG_WARN_EMPTY_BODY = YES;
				CLANG_WARN_ENUM_CONVERSION = YES;
				CLANG_WARN_INT_CONVERSION = YES;
				CLANG_WARN_OBJC_ROOT_CLASS = YES_ERROR;
				CLANG_WARN_UNREACHABLE_CODE = YES;
				CLANG_WARN__DUPLICATE_METHOD_MATCH = YES;
				"CODE_SIGN_IDENTITY[sdk=iphoneos*]" = "iPhone Developer";
				COPY_PHASE_STRIP = NO;
				ENABLE_NS_ASSERTIONS = NO;
				ENABLE_STRICT_OBJC_MSGSEND = YES;
				GCC_C_LANGUAGE_STANDARD = gnu99;
				GCC_WARN_64_TO_32_BIT_CONVERSION = YES;
				GCC_WARN_ABOUT_RETURN_TYPE = YES_ERROR;
				GCC_WARN_UNDECLARED_SELECTOR = YES;
				GCC_WARN_UNINITIALIZED_AUTOS = YES_AGGRESSIVE;
				GCC_WARN_UNUSED_FUNCTION = YES;
				GCC_WARN_UNUSED_VARIABLE = YES;
				IPHONEOS_DEPLOYMENT_TARGET = 8.2;
				MTL_ENABLE_DEBUG_INFO = NO;
				SDKROOT = iphoneos;
				VALIDATE_PRODUCT = YES;
			};
			name = Release;
		};
		CFD86A271AB4953300B7DBF5 /* Debug */ = {
			isa = XCBuildConfiguration;
			baseConfigurationReference = EB66F01F8A3E7BC08FA9B772 /* Pods-CustomerServiceClient.debug.xcconfig */;
			buildSettings = {
				ASSETCATALOG_COMPILER_APPICON_NAME = AppIcon;
				INFOPLIST_FILE = CustomerServiceClient/Info.plist;
				LD_RUNPATH_SEARCH_PATHS = "$(inherited) @executable_path/Frameworks";
				PRODUCT_NAME = "$(TARGET_NAME)";
			};
			name = Debug;
		};
		CFD86A281AB4953300B7DBF5 /* Release */ = {
			isa = XCBuildConfiguration;
			baseConfigurationReference = C2E2C5E511BF5A3DBCB79F9C /* Pods-CustomerServiceClient.release.xcconfig */;
			buildSettings = {
				ASSETCATALOG_COMPILER_APPICON_NAME = AppIcon;
				INFOPLIST_FILE = CustomerServiceClient/Info.plist;
				LD_RUNPATH_SEARCH_PATHS = "$(inherited) @executable_path/Frameworks";
				PRODUCT_NAME = "$(TARGET_NAME)";
			};
			name = Release;
		};
		CFD86A2A1AB4953300B7DBF5 /* Debug */ = {
			isa = XCBuildConfiguration;
			buildSettings = {
				BUNDLE_LOADER = "$(TEST_HOST)";
				FRAMEWORK_SEARCH_PATHS = (
					"$(SDKROOT)/Developer/Library/Frameworks",
					"$(inherited)",
				);
				GCC_PREPROCESSOR_DEFINITIONS = (
					"DEBUG=1",
					"$(inherited)",
				);
				INFOPLIST_FILE = CustomerServiceClientTests/Info.plist;
				LD_RUNPATH_SEARCH_PATHS = "$(inherited) @executable_path/Frameworks @loader_path/Frameworks";
				PRODUCT_NAME = "$(TARGET_NAME)";
				TEST_HOST = "$(BUILT_PRODUCTS_DIR)/CustomerServiceClient.app/CustomerServiceClient";
			};
			name = Debug;
		};
		CFD86A2B1AB4953300B7DBF5 /* Release */ = {
			isa = XCBuildConfiguration;
			buildSettings = {
				BUNDLE_LOADER = "$(TEST_HOST)";
				FRAMEWORK_SEARCH_PATHS = (
					"$(SDKROOT)/Developer/Library/Frameworks",
					"$(inherited)",
				);
				INFOPLIST_FILE = CustomerServiceClientTests/Info.plist;
				LD_RUNPATH_SEARCH_PATHS = "$(inherited) @executable_path/Frameworks @loader_path/Frameworks";
				PRODUCT_NAME = "$(TARGET_NAME)";
				TEST_HOST = "$(BUILT_PRODUCTS_DIR)/CustomerServiceClient.app/CustomerServiceClient";
			};
			name = Release;
		};
/* End XCBuildConfiguration section */

/* Begin XCConfigurationList section */
		CFD869FB1AB4953300B7DBF5 /* Build configuration list for PBXProject "CustomerServiceClient" */ = {
			isa = XCConfigurationList;
			buildConfigurations = (
				CFD86A241AB4953300B7DBF5 /* Debug */,
				CFD86A251AB4953300B7DBF5 /* Release */,
			);
			defaultConfigurationIsVisible = 0;
			defaultConfigurationName = Release;
		};
		CFD86A261AB4953300B7DBF5 /* Build configuration list for PBXNativeTarget "CustomerServiceClient" */ = {
			isa = XCConfigurationList;
			buildConfigurations = (
				CFD86A271AB4953300B7DBF5 /* Debug */,
				CFD86A281AB4953300B7DBF5 /* Release */,
			);
			defaultConfigurationIsVisible = 0;
			defaultConfigurationName = Release;
		};
		CFD86A291AB4953300B7DBF5 /* Build configuration list for PBXNativeTarget "CustomerServiceClientTests" */ = {
			isa = XCConfigurationList;
			buildConfigurations = (
				CFD86A2A1AB4953300B7DBF5 /* Debug */,
				CFD86A2B1AB4953300B7DBF5 /* Release */,
			);
			defaultConfigurationIsVisible = 0;
			defaultConfigurationName = Release;
		};
/* End XCConfigurationList section */

/* Begin XCVersionGroup section */
		CFD86A0A1AB4953300B7DBF5 /* CustomerServiceClient.xcdatamodeld */ = {
			isa = XCVersionGroup;
			children = (
				CFD86A0B1AB4953300B7DBF5 /* CustomerServiceClient.xcdatamodel */,
			);
			currentVersion = CFD86A0B1AB4953300B7DBF5 /* CustomerServiceClient.xcdatamodel */;
			path = CustomerServiceClient.xcdatamodeld;
			sourceTree = "<group>";
			versionGroupType = wrapper.xcdatamodel;
		};
/* End XCVersionGroup section */
	};
	rootObject = CFD869F81AB4953300B7DBF5 /* Project object */;
}
